
Microsoft Visual Studio Solution File, Format Version 12.00
# Visual Studio Version 17
VisualStudioVersion = 17.9.34728.123
MinimumVisualStudioVersion = 10.0.40219.1
Project("{FAE04EC0-301F-11D3-BF4B-00C04F79EFBC}") = "AreaCalcLib", "AreaCalcLib.csproj", "{7A76E347-AC75-4F04-93C1-175C33BED150}"
EndProject
Project("{FAE04EC0-301F-11D3-BF4B-00C04F79EFBC}") = "AreaCalcLib.Tests", "..\AreaCalcLib.Tests\AreaCalcLib.Tests.csproj", "{CC46641D-F9AB-4F9C-AB3C-72FD88B615C3}"
EndProject
Global
	GlobalSection(SolutionConfigurationPlatforms) = preSolution
		Debug|Any CPU = Debug|Any CPU
		Release|Any CPU = Release|Any CPU
	EndGlobalSection
	GlobalSection(ProjectConfigurationPlatforms) = postSolution
		{7A76E347-AC75-4F04-93C1-175C33BED150}.Debug|Any CPU.ActiveCfg = Debug|Any CPU
		{7A76E347-AC75-4F04-93C1-175C33BED150}.Debug|Any CPU.Build.0 = Debug|Any CPU
		{7A76E347-AC75-4F04-93C1-175C33BED150}.Release|Any CPU.ActiveCfg = Release|Any CPU
		{7A76E347-AC75-4F04-93C1-175C33BED150}.Release|Any CPU.Build.0 = Release|Any CPU
		{CC46641D-F9AB-4F9C-AB3C-72FD88B615C3}.Debug|Any CPU.ActiveCfg = Debug|Any CPU
		{CC46641D-F9AB-4F9C-AB3C-72FD88B615C3}.Debug|Any CPU.Build.0 = Debug|Any CPU
		{CC46641D-F9AB-4F9C-AB3C-72FD88B615C3}.Release|Any CPU.ActiveCfg = Release|Any CPU
		{CC46641D-F9AB-4F9C-AB3C-72FD88B615C3}.Release|Any CPU.Build.0 = Release|Any CPU
	EndGlobalSection
	GlobalSection(SolutionProperties) = preSolution
		HideSolutionNode = FALSE
	EndGlobalSection
	GlobalSection(ExtensibilityGlobals) = postSolution
		SolutionGuid = {A18F3886-B6B9-441A-95F2-A66221FBEF7B}
	EndGlobalSection
EndGlobal
